
Microsoft Visual Studio Solution File, Format Version 12.00
Project("{FAE04EC0-301F-11D3-BF4B-00C04F79EFBC}") = "Dotnet8QdrantVectorSearch", "Dotnet8QdrantVectorSearch\Dotnet8QdrantVectorSearch.csproj", "{E8F6EC7B-F445-4FE9-8C78-D80D11345863}"
EndProject
Global
	GlobalSection(SolutionConfigurationPlatforms) = preSolution
		Debug|Any CPU = Debug|Any CPU
		Release|Any CPU = Release|Any CPU
	EndGlobalSection
	GlobalSection(ProjectConfigurationPlatforms) = postSolution
		{E8F6EC7B-F445-4FE9-8C78-D80D11345863}.Debug|Any CPU.ActiveCfg = Debug|Any CPU
		{E8F6EC7B-F445-4FE9-8C78-D80D11345863}.Debug|Any CPU.Build.0 = Debug|Any CPU
		{E8F6EC7B-F445-4FE9-8C78-D80D11345863}.Release|Any CPU.ActiveCfg = Release|Any CPU
		{E8F6EC7B-F445-4FE9-8C78-D80D11345863}.Release|Any CPU.Build.0 = Release|Any CPU
	EndGlobalSection
EndGlobal
